
Microsoft Visual Studio Solution File, Format Version 12.00
# Visual Studio Version 17
VisualStudioVersion = 17.8.34309.116
MinimumVisualStudioVersion = 10.0.40219.1
Project("{FAE04EC0-301F-11D3-BF4B-00C04F79EFBC}") = "CoreDelegates_0", "CoreDelegates_0\CoreDelegates_0.csproj", "{E03E46D3-33D8-4AFE-BA4D-3BD3288DF55C}"
EndProject
Global
	GlobalSection(SolutionConfigurationPlatforms) = preSolution
		Debug|Any CPU = Debug|Any CPU
		Release|Any CPU = Release|Any CPU
	EndGlobalSection
	GlobalSection(ProjectConfigurationPlatforms) = postSolution
		{E03E46D3-33D8-4AFE-BA4D-3BD3288DF55C}.Debug|Any CPU.ActiveCfg = Debug|Any CPU
		{E03E46D3-33D8-4AFE-BA4D-3BD3288DF55C}.Debug|Any CPU.Build.0 = Debug|Any CPU
		{E03E46D3-33D8-4AFE-BA4D-3BD3288DF55C}.Release|Any CPU.ActiveCfg = Release|Any CPU
		{E03E46D3-33D8-4AFE-BA4D-3BD3288DF55C}.Release|Any CPU.Build.0 = Release|Any CPU
	EndGlobalSection
	GlobalSection(SolutionProperties) = preSolution
		HideSolutionNode = FALSE
	EndGlobalSection
	GlobalSection(ExtensibilityGlobals) = postSolution
		SolutionGuid = {EA8BA934-67F4-477E-AF4B-CAB067DF4FAC}
	EndGlobalSection
EndGlobal
